// !$*UTF8*$!
{
	archiveVersion = 1;
	classes = {
	};
	objectVersion = 56;
	objects = {

/* Begin PBXBuildFile section */
		4C5E963C2C1256AE00607AFC /* FiveLetterWordGameApp.swift in Sources */ = {isa = PBXBuildFile; fileRef = 4C5E963B2C1256AE00607AFC /* FiveLetterWordGameApp.swift */; };
		4C5E963E2C1256AE00607AFC /* ContentView.swift in Sources */ = {isa = PBXBuildFile; fileRef = 4C5E963D2C1256AE00607AFC /* ContentView.swift */; };
		4C5E96422C1256AF00607AFC /* Assets.xcassets in Resources */ = {isa = PBXBuildFile; fileRef = 4C5E96412C1256AF00607AFC /* Assets.xcassets */; };
		4C5E96452C1256AF00607AFC /* Preview Assets.xcassets in Resources */ = {isa = PBXBuildFile; fileRef = 4C5E96442C1256AF00607AFC /* Preview Assets.xcassets */; };
		4C5E964F2C1256AF00607AFC /* FiveLetterWordGameTests.swift in Sources */ = {isa = PBXBuildFile; fileRef = 4C5E964E2C1256AF00607AFC /* FiveLetterWordGameTests.swift */; };
		4C5E96592C1256AF00607AFC /* FiveLetterWordGameUITests.swift in Sources */ = {isa = PBXBuildFile; fileRef = 4C5E96582C1256AF00607AFC /* FiveLetterWordGameUITests.swift */; };
		4C5E965B2C1256AF00607AFC /* FiveLetterWordGameUITestsLaunchTests.swift in Sources */ = {isa = PBXBuildFile; fileRef = 4C5E965A2C1256AF00607AFC /* FiveLetterWordGameUITestsLaunchTests.swift */; };
		4C5E96692C1259B600607AFC /* GameStats.swift in Sources */ = {isa = PBXBuildFile; fileRef = 4C5E96682C1259B600607AFC /* GameStats.swift */; };
		4C5E966C2C1A162300607AFC /* LetterView.swift in Sources */ = {isa = PBXBuildFile; fileRef = 4C5E966B2C1A162300607AFC /* LetterView.swift */; };
		4C5E96702C1A175000607AFC /* WordView.swift in Sources */ = {isa = PBXBuildFile; fileRef = 4C5E966F2C1A175000607AFC /* WordView.swift */; };
		4C5E96742C1A21A500607AFC /* GameView.swift in Sources */ = {isa = PBXBuildFile; fileRef = 4C5E96732C1A21A500607AFC /* GameView.swift */; };
		4C5E96762C1A22A100607AFC /* NumberView.swift in Sources */ = {isa = PBXBuildFile; fileRef = 4C5E96752C1A22A100607AFC /* NumberView.swift */; };
		4C5E967B2C1B7F6E00607AFC /* WordHelper.swift in Sources */ = {isa = PBXBuildFile; fileRef = 4C5E967A2C1B7F6E00607AFC /* WordHelper.swift */; };
		4C75A2102C24D7E50026EBC8 /* WordList.json in Resources */ = {isa = PBXBuildFile; fileRef = 4C75A20F2C24D7E50026EBC8 /* WordList.json */; };
		4C75A2162C2F41F70026EBC8 /* InfoView.swift in Sources */ = {isa = PBXBuildFile; fileRef = 4C75A2152C2F41F70026EBC8 /* InfoView.swift */; };
		4C75A2182C2F42050026EBC8 /* SettingsView.swift in Sources */ = {isa = PBXBuildFile; fileRef = 4C75A2172C2F42050026EBC8 /* SettingsView.swift */; };
		4C75A21A2C2F420E0026EBC8 /* StatsView.swift in Sources */ = {isa = PBXBuildFile; fileRef = 4C75A2192C2F420E0026EBC8 /* StatsView.swift */; };
		4C75A21E2C2F49140026EBC8 /* GuessListModel.swift in Sources */ = {isa = PBXBuildFile; fileRef = 4C75A21D2C2F49140026EBC8 /* GuessListModel.swift */; };
		4C75A2252C34B4240026EBC8 /* Strings.swift in Sources */ = {isa = PBXBuildFile; fileRef = 4C75A2242C34B4240026EBC8 /* Strings.swift */; };
		4C75A22D2C3C9A260026EBC8 /* Color+Extensions.swift in Sources */ = {isa = PBXBuildFile; fileRef = 4C75A22C2C3C9A260026EBC8 /* Color+Extensions.swift */; };
		4C75A2312C4495800026EBC8 /* ConfettiSwiftUI in Frameworks */ = {isa = PBXBuildFile; productRef = 4C75A2302C4495800026EBC8 /* ConfettiSwiftUI */; };
/* End PBXBuildFile section */

/* Begin PBXContainerItemProxy section */
		4C5E964B2C1256AF00607AFC /* PBXContainerItemProxy */ = {
			isa = PBXContainerItemProxy;
			containerPortal = 4C5E96302C1256AE00607AFC /* Project object */;
			proxyType = 1;
			remoteGlobalIDString = 4C5E96372C1256AE00607AFC;
			remoteInfo = FiveLetterWordGame;
		};
		4C5E96552C1256AF00607AFC /* PBXContainerItemProxy */ = {
			isa = PBXContainerItemProxy;
			containerPortal = 4C5E96302C1256AE00607AFC /* Project object */;
			proxyType = 1;
			remoteGlobalIDString = 4C5E96372C1256AE00607AFC;
			remoteInfo = FiveLetterWordGame;
		};
/* End PBXContainerItemProxy section */

/* Begin PBXFileReference section */
		4C5E96382C1256AE00607AFC /* FiveLetterWordGame.app */ = {isa = PBXFileReference; explicitFileType = wrapper.application; includeInIndex = 0; path = FiveLetterWordGame.app; sourceTree = BUILT_PRODUCTS_DIR; };
		4C5E963B2C1256AE00607AFC /* FiveLetterWordGameApp.swift */ = {isa = PBXFileReference; lastKnownFileType = sourcecode.swift; path = FiveLetterWordGameApp.swift; sourceTree = "<group>"; };
		4C5E963D2C1256AE00607AFC /* ContentView.swift */ = {isa = PBXFileReference; lastKnownFileType = sourcecode.swift; path = ContentView.swift; sourceTree = "<group>"; };
		4C5E96412C1256AF00607AFC /* Assets.xcassets */ = {isa = PBXFileReference; lastKnownFileType = folder.assetcatalog; path = Assets.xcassets; sourceTree = "<group>"; };
		4C5E96442C1256AF00607AFC /* Preview Assets.xcassets */ = {isa = PBXFileReference; lastKnownFileType = folder.assetcatalog; path = "Preview Assets.xcassets"; sourceTree = "<group>"; };
		4C5E964A2C1256AF00607AFC /* FiveLetterWordGameTests.xctest */ = {isa = PBXFileReference; explicitFileType = wrapper.cfbundle; includeInIndex = 0; path = FiveLetterWordGameTests.xctest; sourceTree = BUILT_PRODUCTS_DIR; };
		4C5E964E2C1256AF00607AFC /* FiveLetterWordGameTests.swift */ = {isa = PBXFileReference; lastKnownFileType = sourcecode.swift; path = FiveLetterWordGameTests.swift; sourceTree = "<group>"; };
		4C5E96542C1256AF00607AFC /* FiveLetterWordGameUITests.xctest */ = {isa = PBXFileReference; explicitFileType = wrapper.cfbundle; includeInIndex = 0; path = FiveLetterWordGameUITests.xctest; sourceTree = BUILT_PRODUCTS_DIR; };
		4C5E96582C1256AF00607AFC /* FiveLetterWordGameUITests.swift */ = {isa = PBXFileReference; lastKnownFileType = sourcecode.swift; path = FiveLetterWordGameUITests.swift; sourceTree = "<group>"; };
		4C5E965A2C1256AF00607AFC /* FiveLetterWordGameUITestsLaunchTests.swift */ = {isa = PBXFileReference; lastKnownFileType = sourcecode.swift; path = FiveLetterWordGameUITestsLaunchTests.swift; sourceTree = "<group>"; };
		4C5E96682C1259B600607AFC /* GameStats.swift */ = {isa = PBXFileReference; lastKnownFileType = sourcecode.swift; path = GameStats.swift; sourceTree = "<group>"; };
		4C5E966B2C1A162300607AFC /* LetterView.swift */ = {isa = PBXFileReference; lastKnownFileType = sourcecode.swift; path = LetterView.swift; sourceTree = "<group>"; };
		4C5E966F2C1A175000607AFC /* WordView.swift */ = {isa = PBXFileReference; lastKnownFileType = sourcecode.swift; path = WordView.swift; sourceTree = "<group>"; };
		4C5E96732C1A21A500607AFC /* GameView.swift */ = {isa = PBXFileReference; lastKnownFileType = sourcecode.swift; path = GameView.swift; sourceTree = "<group>"; };
		4C5E96752C1A22A100607AFC /* NumberView.swift */ = {isa = PBXFileReference; lastKnownFileType = sourcecode.swift; path = NumberView.swift; sourceTree = "<group>"; };
		4C5E967A2C1B7F6E00607AFC /* WordHelper.swift */ = {isa = PBXFileReference; lastKnownFileType = sourcecode.swift; path = WordHelper.swift; sourceTree = "<group>"; };
		4C75A20F2C24D7E50026EBC8 /* WordList.json */ = {isa = PBXFileReference; lastKnownFileType = text.json; path = WordList.json; sourceTree = "<group>"; };
		4C75A2152C2F41F70026EBC8 /* InfoView.swift */ = {isa = PBXFileReference; lastKnownFileType = sourcecode.swift; path = InfoView.swift; sourceTree = "<group>"; };
		4C75A2172C2F42050026EBC8 /* SettingsView.swift */ = {isa = PBXFileReference; lastKnownFileType = sourcecode.swift; path = SettingsView.swift; sourceTree = "<group>"; };
		4C75A2192C2F420E0026EBC8 /* StatsView.swift */ = {isa = PBXFileReference; lastKnownFileType = sourcecode.swift; path = StatsView.swift; sourceTree = "<group>"; };
		4C75A21D2C2F49140026EBC8 /* GuessListModel.swift */ = {isa = PBXFileReference; lastKnownFileType = sourcecode.swift; path = GuessListModel.swift; sourceTree = "<group>"; };
		4C75A2242C34B4240026EBC8 /* Strings.swift */ = {isa = PBXFileReference; lastKnownFileType = sourcecode.swift; path = Strings.swift; sourceTree = "<group>"; };
		4C75A22C2C3C9A260026EBC8 /* Color+Extensions.swift */ = {isa = PBXFileReference; lastKnownFileType = sourcecode.swift; path = "Color+Extensions.swift"; sourceTree = "<group>"; };
/* End PBXFileReference section */

/* Begin PBXFrameworksBuildPhase section */
		4C5E96352C1256AE00607AFC /* Frameworks */ = {
			isa = PBXFrameworksBuildPhase;
			buildActionMask = 2147483647;
			files = (
				4C75A2312C4495800026EBC8 /* ConfettiSwiftUI in Frameworks */,
			);
			runOnlyForDeploymentPostprocessing = 0;
		};
		4C5E96472C1256AF00607AFC /* Frameworks */ = {
			isa = PBXFrameworksBuildPhase;
			buildActionMask = 2147483647;
			files = (
			);
			runOnlyForDeploymentPostprocessing = 0;
		};
		4C5E96512C1256AF00607AFC /* Frameworks */ = {
			isa = PBXFrameworksBuildPhase;
			buildActionMask = 2147483647;
			files = (
			);
			runOnlyForDeploymentPostprocessing = 0;
		};
/* End PBXFrameworksBuildPhase section */

/* Begin PBXGroup section */
		4C5E962F2C1256AE00607AFC = {
			isa = PBXGroup;
			children = (
				4C5E963A2C1256AE00607AFC /* FiveLetterWordGame */,
				4C5E964D2C1256AF00607AFC /* FiveLetterWordGameTests */,
				4C5E96572C1256AF00607AFC /* FiveLetterWordGameUITests */,
				4C5E96392C1256AE00607AFC /* Products */,
			);
			sourceTree = "<group>";
		};
		4C5E96392C1256AE00607AFC /* Products */ = {
			isa = PBXGroup;
			children = (
				4C5E96382C1256AE00607AFC /* FiveLetterWordGame.app */,
				4C5E964A2C1256AF00607AFC /* FiveLetterWordGameTests.xctest */,
				4C5E96542C1256AF00607AFC /* FiveLetterWordGameUITests.xctest */,
			);
			name = Products;
			sourceTree = "<group>";
		};
		4C5E963A2C1256AE00607AFC /* FiveLetterWordGame */ = {
			isa = PBXGroup;
			children = (
				4C75A20E2C24D7BF0026EBC8 /* Resources */,
				4C5E963B2C1256AE00607AFC /* FiveLetterWordGameApp.swift */,
				4C5E96792C1B7F5A00607AFC /* Helpers */,
				4C5E966A2C1A160800607AFC /* Views */,
				4C5E96672C1259A300607AFC /* Models */,
				4C5E96432C1256AF00607AFC /* Preview Content */,
			);
			path = FiveLetterWordGame;
			sourceTree = "<group>";
		};
		4C5E96432C1256AF00607AFC /* Preview Content */ = {
			isa = PBXGroup;
			children = (
				4C5E96442C1256AF00607AFC /* Preview Assets.xcassets */,
			);
			path = "Preview Content";
			sourceTree = "<group>";
		};
		4C5E964D2C1256AF00607AFC /* FiveLetterWordGameTests */ = {
			isa = PBXGroup;
			children = (
				4C5E964E2C1256AF00607AFC /* FiveLetterWordGameTests.swift */,
			);
			path = FiveLetterWordGameTests;
			sourceTree = "<group>";
		};
		4C5E96572C1256AF00607AFC /* FiveLetterWordGameUITests */ = {
			isa = PBXGroup;
			children = (
				4C5E96582C1256AF00607AFC /* FiveLetterWordGameUITests.swift */,
				4C5E965A2C1256AF00607AFC /* FiveLetterWordGameUITestsLaunchTests.swift */,
			);
			path = FiveLetterWordGameUITests;
			sourceTree = "<group>";
		};
		4C5E96672C1259A300607AFC /* Models */ = {
			isa = PBXGroup;
			children = (
				4C5E96682C1259B600607AFC /* GameStats.swift */,
				4C75A21D2C2F49140026EBC8 /* GuessListModel.swift */,
			);
			path = Models;
			sourceTree = "<group>";
		};
		4C5E966A2C1A160800607AFC /* Views */ = {
			isa = PBXGroup;
			children = (
				4C75A2142C2F41D70026EBC8 /* NavigationBarViews */,
				4C75A2132C2F41B30026EBC8 /* GameViews */,
				4C5E963D2C1256AE00607AFC /* ContentView.swift */,
			);
			path = Views;
			sourceTree = "<group>";
		};
		4C5E96792C1B7F5A00607AFC /* Helpers */ = {
			isa = PBXGroup;
			children = (
				4C5E967A2C1B7F6E00607AFC /* WordHelper.swift */,
				4C75A2242C34B4240026EBC8 /* Strings.swift */,
				4C75A22C2C3C9A260026EBC8 /* Color+Extensions.swift */,
			);
			path = Helpers;
			sourceTree = "<group>";
		};
		4C75A20E2C24D7BF0026EBC8 /* Resources */ = {
			isa = PBXGroup;
			children = (
				4C5E96412C1256AF00607AFC /* Assets.xcassets */,
				4C75A20F2C24D7E50026EBC8 /* WordList.json */,
			);
			path = Resources;
			sourceTree = "<group>";
		};
		4C75A2132C2F41B30026EBC8 /* GameViews */ = {
			isa = PBXGroup;
			children = (
				4C5E966B2C1A162300607AFC /* LetterView.swift */,
				4C5E966F2C1A175000607AFC /* WordView.swift */,
				4C5E96732C1A21A500607AFC /* GameView.swift */,
				4C5E96752C1A22A100607AFC /* NumberView.swift */,
			);
			path = GameViews;
			sourceTree = "<group>";
		};
		4C75A2142C2F41D70026EBC8 /* NavigationBarViews */ = {
			isa = PBXGroup;
			children = (
				4C75A2152C2F41F70026EBC8 /* InfoView.swift */,
				4C75A2172C2F42050026EBC8 /* SettingsView.swift */,
				4C75A2192C2F420E0026EBC8 /* StatsView.swift */,
			);
			path = NavigationBarViews;
			sourceTree = "<group>";
		};
/* End PBXGroup section */

/* Begin PBXNativeTarget section */
		4C5E96372C1256AE00607AFC /* FiveLetterWordGame */ = {
			isa = PBXNativeTarget;
			buildConfigurationList = 4C5E965E2C1256AF00607AFC /* Build configuration list for PBXNativeTarget "FiveLetterWordGame" */;
			buildPhases = (
				4C5E96342C1256AE00607AFC /* Sources */,
				4C5E96352C1256AE00607AFC /* Frameworks */,
				4C5E96362C1256AE00607AFC /* Resources */,
			);
			buildRules = (
			);
			dependencies = (
			);
			name = FiveLetterWordGame;
			packageProductDependencies = (
				4C75A2302C4495800026EBC8 /* ConfettiSwiftUI */,
			);
			productName = FiveLetterWordGame;
			productReference = 4C5E96382C1256AE00607AFC /* FiveLetterWordGame.app */;
			productType = "com.apple.product-type.application";
		};
		4C5E96492C1256AF00607AFC /* FiveLetterWordGameTests */ = {
			isa = PBXNativeTarget;
			buildConfigurationList = 4C5E96612C1256AF00607AFC /* Build configuration list for PBXNativeTarget "FiveLetterWordGameTests" */;
			buildPhases = (
				4C5E96462C1256AF00607AFC /* Sources */,
				4C5E96472C1256AF00607AFC /* Frameworks */,
				4C5E96482C1256AF00607AFC /* Resources */,
			);
			buildRules = (
			);
			dependencies = (
				4C5E964C2C1256AF00607AFC /* PBXTargetDependency */,
			);
			name = FiveLetterWordGameTests;
			productName = FiveLetterWordGameTests;
			productReference = 4C5E964A2C1256AF00607AFC /* FiveLetterWordGameTests.xctest */;
			productType = "com.apple.product-type.bundle.unit-test";
		};
		4C5E96532C1256AF00607AFC /* FiveLetterWordGameUITests */ = {
			isa = PBXNativeTarget;
			buildConfigurationList = 4C5E96642C1256AF00607AFC /* Build configuration list for PBXNativeTarget "FiveLetterWordGameUITests" */;
			buildPhases = (
				4C5E96502C1256AF00607AFC /* Sources */,
				4C5E96512C1256AF00607AFC /* Frameworks */,
				4C5E96522C1256AF00607AFC /* Resources */,
			);
			buildRules = (
			);
			dependencies = (
				4C5E96562C1256AF00607AFC /* PBXTargetDependency */,
			);
			name = FiveLetterWordGameUITests;
			productName = FiveLetterWordGameUITests;
			productReference = 4C5E96542C1256AF00607AFC /* FiveLetterWordGameUITests.xctest */;
			productType = "com.apple.product-type.bundle.ui-testing";
		};
/* End PBXNativeTarget section */

/* Begin PBXProject section */
		4C5E96302C1256AE00607AFC /* Project object */ = {
			isa = PBXProject;
			attributes = {
				BuildIndependentTargetsInParallel = 1;
				LastSwiftUpdateCheck = 1540;
				LastUpgradeCheck = 1540;
				TargetAttributes = {
					4C5E96372C1256AE00607AFC = {
						CreatedOnToolsVersion = 15.4;
					};
					4C5E96492C1256AF00607AFC = {
						CreatedOnToolsVersion = 15.4;
						TestTargetID = 4C5E96372C1256AE00607AFC;
					};
					4C5E96532C1256AF00607AFC = {
						CreatedOnToolsVersion = 15.4;
						TestTargetID = 4C5E96372C1256AE00607AFC;
					};
				};
			};
			buildConfigurationList = 4C5E96332C1256AE00607AFC /* Build configuration list for PBXProject "FiveLetterWordGame" */;
			compatibilityVersion = "Xcode 14.0";
			developmentRegion = en;
			hasScannedForEncodings = 0;
			knownRegions = (
				en,
				Base,
			);
			mainGroup = 4C5E962F2C1256AE00607AFC;
			packageReferences = (
				4C75A2292C3AFA180026EBC8 /* XCRemoteSwiftPackageReference "ConfettiSwiftUI" */,
			);
			productRefGroup = 4C5E96392C1256AE00607AFC /* Products */;
			projectDirPath = "";
			projectRoot = "";
			targets = (
				4C5E96372C1256AE00607AFC /* FiveLetterWordGame */,
				4C5E96492C1256AF00607AFC /* FiveLetterWordGameTests */,
				4C5E96532C1256AF00607AFC /* FiveLetterWordGameUITests */,
			);
		};
/* End PBXProject section */

/* Begin PBXResourcesBuildPhase section */
		4C5E96362C1256AE00607AFC /* Resources */ = {
			isa = PBXResourcesBuildPhase;
			buildActionMask = 2147483647;
			files = (
				4C5E96452C1256AF00607AFC /* Preview Assets.xcassets in Resources */,
				4C75A2102C24D7E50026EBC8 /* WordList.json in Resources */,
				4C5E96422C1256AF00607AFC /* Assets.xcassets in Resources */,
			);
			runOnlyForDeploymentPostprocessing = 0;
		};
		4C5E96482C1256AF00607AFC /* Resources */ = {
			isa = PBXResourcesBuildPhase;
			buildActionMask = 2147483647;
			files = (
			);
			runOnlyForDeploymentPostprocessing = 0;
		};
		4C5E96522C1256AF00607AFC /* Resources */ = {
			isa = PBXResourcesBuildPhase;
			buildActionMask = 2147483647;
			files = (
			);
			runOnlyForDeploymentPostprocessing = 0;
		};
/* End PBXResourcesBuildPhase section */

/* Begin PBXSourcesBuildPhase section */
		4C5E96342C1256AE00607AFC /* Sources */ = {
			isa = PBXSourcesBuildPhase;
			buildActionMask = 2147483647;
			files = (
				4C5E963E2C1256AE00607AFC /* ContentView.swift in Sources */,
				4C75A2162C2F41F70026EBC8 /* InfoView.swift in Sources */,
				4C5E96702C1A175000607AFC /* WordView.swift in Sources */,
				4C5E967B2C1B7F6E00607AFC /* WordHelper.swift in Sources */,
				4C5E963C2C1256AE00607AFC /* FiveLetterWordGameApp.swift in Sources */,
				4C75A2252C34B4240026EBC8 /* Strings.swift in Sources */,
				4C5E96692C1259B600607AFC /* GameStats.swift in Sources */,
				4C75A21E2C2F49140026EBC8 /* GuessListModel.swift in Sources */,
				4C5E966C2C1A162300607AFC /* LetterView.swift in Sources */,
				4C5E96742C1A21A500607AFC /* GameView.swift in Sources */,
				4C75A21A2C2F420E0026EBC8 /* StatsView.swift in Sources */,
				4C75A22D2C3C9A260026EBC8 /* Color+Extensions.swift in Sources */,
				4C75A2182C2F42050026EBC8 /* SettingsView.swift in Sources */,
				4C5E96762C1A22A100607AFC /* NumberView.swift in Sources */,
			);
			runOnlyForDeploymentPostprocessing = 0;
		};
		4C5E96462C1256AF00607AFC /* Sources */ = {
			isa = PBXSourcesBuildPhase;
			buildActionMask = 2147483647;
			files = (
				4C5E964F2C1256AF00607AFC /* FiveLetterWordGameTests.swift in Sources */,
			);
			runOnlyForDeploymentPostprocessing = 0;
		};
		4C5E96502C1256AF00607AFC /* Sources */ = {
			isa = PBXSourcesBuildPhase;
			buildActionMask = 2147483647;
			files = (
				4C5E965B2C1256AF00607AFC /* FiveLetterWordGameUITestsLaunchTests.swift in Sources */,
				4C5E96592C1256AF00607AFC /* FiveLetterWordGameUITests.swift in Sources */,
			);
			runOnlyForDeploymentPostprocessing = 0;
		};
/* End PBXSourcesBuildPhase section */

/* Begin PBXTargetDependency section */
		4C5E964C2C1256AF00607AFC /* PBXTargetDependency */ = {
			isa = PBXTargetDependency;
			target = 4C5E96372C1256AE00607AFC /* FiveLetterWordGame */;
			targetProxy = 4C5E964B2C1256AF00607AFC /* PBXContainerItemProxy */;
		};
		4C5E96562C1256AF00607AFC /* PBXTargetDependency */ = {
			isa = PBXTargetDependency;
			target = 4C5E96372C1256AE00607AFC /* FiveLetterWordGame */;
			targetProxy = 4C5E96552C1256AF00607AFC /* PBXContainerItemProxy */;
		};
/* End PBXTargetDependency section */

/* Begin XCBuildConfiguration section */
		4C5E965C2C1256AF00607AFC /* Debug */ = {
			isa = XCBuildConfiguration;
			buildSettings = {
				ALWAYS_SEARCH_USER_PATHS = NO;
				ASSETCATALOG_COMPILER_GENERATE_SWIFT_ASSET_SYMBOL_EXTENSIONS = YES;
				CLANG_ANALYZER_NONNULL = YES;
				CLANG_ANALYZER_NUMBER_OBJECT_CONVERSION = YES_AGGRESSIVE;
				CLANG_CXX_LANGUAGE_STANDARD = "gnu++20";
				CLANG_ENABLE_MODULES = YES;
				CLANG_ENABLE_OBJC_ARC = YES;
				CLANG_ENABLE_OBJC_WEAK = YES;
				CLANG_WARN_BLOCK_CAPTURE_AUTORELEASING = YES;
				CLANG_WARN_BOOL_CONVERSION = YES;
				CLANG_WARN_COMMA = YES;
				CLANG_WARN_CONSTANT_CONVERSION = YES;
				CLANG_WARN_DEPRECATED_OBJC_IMPLEMENTATIONS = YES;
				CLANG_WARN_DIRECT_OBJC_ISA_USAGE = YES_ERROR;
				CLANG_WARN_DOCUMENTATION_COMMENTS = YES;
				CLANG_WARN_EMPTY_BODY = YES;
				CLANG_WARN_ENUM_CONVERSION = YES;
				CLANG_WARN_INFINITE_RECURSION = YES;
				CLANG_WARN_INT_CONVERSION = YES;
				CLANG_WARN_NON_LITERAL_NULL_CONVERSION = YES;
				CLANG_WARN_OBJC_IMPLICIT_RETAIN_SELF = YES;
				CLANG_WARN_OBJC_LITERAL_CONVERSION = YES;
				CLANG_WARN_OBJC_ROOT_CLASS = YES_ERROR;
				CLANG_WARN_QUOTED_INCLUDE_IN_FRAMEWORK_HEADER = YES;
				CLANG_WARN_RANGE_LOOP_ANALYSIS = YES;
				CLANG_WARN_STRICT_PROTOTYPES = YES;
				CLANG_WARN_SUSPICIOUS_MOVE = YES;
				CLANG_WARN_UNGUARDED_AVAILABILITY = YES_AGGRESSIVE;
				CLANG_WARN_UNREACHABLE_CODE = YES;
				CLANG_WARN__DUPLICATE_METHOD_MATCH = YES;
				COPY_PHASE_STRIP = NO;
				DEBUG_INFORMATION_FORMAT = dwarf;
				ENABLE_STRICT_OBJC_MSGSEND = YES;
				ENABLE_TESTABILITY = YES;
				ENABLE_USER_SCRIPT_SANDBOXING = YES;
				GCC_C_LANGUAGE_STANDARD = gnu17;
				GCC_DYNAMIC_NO_PIC = NO;
				GCC_NO_COMMON_BLOCKS = YES;
				GCC_OPTIMIZATION_LEVEL = 0;
				GCC_PREPROCESSOR_DEFINITIONS = (
					"DEBUG=1",
					"$(inherited)",
				);
				GCC_WARN_64_TO_32_BIT_CONVERSION = YES;
				GCC_WARN_ABOUT_RETURN_TYPE = YES_ERROR;
				GCC_WARN_UNDECLARED_SELECTOR = YES;
				GCC_WARN_UNINITIALIZED_AUTOS = YES_AGGRESSIVE;
				GCC_WARN_UNUSED_FUNCTION = YES;
				GCC_WARN_UNUSED_VARIABLE = YES;
				IPHONEOS_DEPLOYMENT_TARGET = 17.5;
				LOCALIZATION_PREFERS_STRING_CATALOGS = YES;
				MTL_ENABLE_DEBUG_INFO = INCLUDE_SOURCE;
				MTL_FAST_MATH = YES;
				ONLY_ACTIVE_ARCH = YES;
				SDKROOT = iphoneos;
				SWIFT_ACTIVE_COMPILATION_CONDITIONS = "DEBUG $(inherited)";
				SWIFT_OPTIMIZATION_LEVEL = "-Onone";
			};
			name = Debug;
		};
		4C5E965D2C1256AF00607AFC /* Release */ = {
			isa = XCBuildConfiguration;
			buildSettings = {
				ALWAYS_SEARCH_USER_PATHS = NO;
				ASSETCATALOG_COMPILER_GENERATE_SWIFT_ASSET_SYMBOL_EXTENSIONS = YES;
				CLANG_ANALYZER_NONNULL = YES;
				CLANG_ANALYZER_NUMBER_OBJECT_CONVERSION = YES_AGGRESSIVE;
				CLANG_CXX_LANGUAGE_STANDARD = "gnu++20";
				CLANG_ENABLE_MODULES = YES;
				CLANG_ENABLE_OBJC_ARC = YES;
				CLANG_ENABLE_OBJC_WEAK = YES;
				CLANG_WARN_BLOCK_CAPTURE_AUTORELEASING = YES;
				CLANG_WARN_BOOL_CONVERSION = YES;
				CLANG_WARN_COMMA = YES;
				CLANG_WARN_CONSTANT_CONVERSION = YES;
				CLANG_WARN_DEPRECATED_OBJC_IMPLEMENTATIONS = YES;
				CLANG_WARN_DIRECT_OBJC_ISA_USAGE = YES_ERROR;
				CLANG_WARN_DOCUMENTATION_COMMENTS = YES;
				CLANG_WARN_EMPTY_BODY = YES;
				CLANG_WARN_ENUM_CONVERSION = YES;
				CLANG_WARN_INFINITE_RECURSION = YES;
				CLANG_WARN_INT_CONVERSION = YES;
				CLANG_WARN_NON_LITERAL_NULL_CONVERSION = YES;
				CLANG_WARN_OBJC_IMPLICIT_RETAIN_SELF = YES;
				CLANG_WARN_OBJC_LITERAL_CONVERSION = YES;
				CLANG_WARN_OBJC_ROOT_CLASS = YES_ERROR;
				CLANG_WARN_QUOTED_INCLUDE_IN_FRAMEWORK_HEADER = YES;
				CLANG_WARN_RANGE_LOOP_ANALYSIS = YES;
				CLANG_WARN_STRICT_PROTOTYPES = YES;
				CLANG_WARN_SUSPICIOUS_MOVE = YES;
				CLANG_WARN_UNGUARDED_AVAILABILITY = YES_AGGRESSIVE;
				CLANG_WARN_UNREACHABLE_CODE = YES;
				CLANG_WARN__DUPLICATE_METHOD_MATCH = YES;
				COPY_PHASE_STRIP = NO;
				DEBUG_INFORMATION_FORMAT = "dwarf-with-dsym";
				ENABLE_NS_ASSERTIONS = NO;
				ENABLE_STRICT_OBJC_MSGSEND = YES;
				ENABLE_USER_SCRIPT_SANDBOXING = YES;
				GCC_C_LANGUAGE_STANDARD = gnu17;
				GCC_NO_COMMON_BLOCKS = YES;
				GCC_WARN_64_TO_32_BIT_CONVERSION = YES;
				GCC_WARN_ABOUT_RETURN_TYPE = YES_ERROR;
				GCC_WARN_UNDECLARED_SELECTOR = YES;
				GCC_WARN_UNINITIALIZED_AUTOS = YES_AGGRESSIVE;
				GCC_WARN_UNUSED_FUNCTION = YES;
				GCC_WARN_UNUSED_VARIABLE = YES;
				IPHONEOS_DEPLOYMENT_TARGET = 17.5;
				LOCALIZATION_PREFERS_STRING_CATALOGS = YES;
				MTL_ENABLE_DEBUG_INFO = NO;
				MTL_FAST_MATH = YES;
				SDKROOT = iphoneos;
				SWIFT_COMPILATION_MODE = wholemodule;
				VALIDATE_PRODUCT = YES;
			};
			name = Release;
		};
		4C5E965F2C1256AF00607AFC /* Debug */ = {
			isa = XCBuildConfiguration;
			buildSettings = {
				ASSETCATALOG_COMPILER_APPICON_NAME = AppIcon;
				ASSETCATALOG_COMPILER_GLOBAL_ACCENT_COLOR_NAME = AccentColor;
				CODE_SIGN_STYLE = Automatic;
				CURRENT_PROJECT_VERSION = 1;
				DEVELOPMENT_ASSET_PATHS = "\"FiveLetterWordGame/Preview Content\"";
				DEVELOPMENT_TEAM = 2LZPS9M6A7;
				ENABLE_PREVIEWS = YES;
				GENERATE_INFOPLIST_FILE = YES;
				INFOPLIST_KEY_UIApplicationSceneManifest_Generation = YES;
				INFOPLIST_KEY_UIApplicationSupportsIndirectInputEvents = YES;
				INFOPLIST_KEY_UILaunchScreen_Generation = YES;
				INFOPLIST_KEY_UISupportedInterfaceOrientations_iPad = "UIInterfaceOrientationPortrait UIInterfaceOrientationPortraitUpsideDown UIInterfaceOrientationLandscapeLeft UIInterfaceOrientationLandscapeRight";
				INFOPLIST_KEY_UISupportedInterfaceOrientations_iPhone = "UIInterfaceOrientationPortrait UIInterfaceOrientationLandscapeLeft UIInterfaceOrientationLandscapeRight";
				LD_RUNPATH_SEARCH_PATHS = (
					"$(inherited)",
					"@executable_path/Frameworks",
				);
				MARKETING_VERSION = 1.0;
				PRODUCT_BUNDLE_IDENTIFIER = com.spconnolly.FiveLetterWordGame;
				PRODUCT_NAME = "$(TARGET_NAME)";
				SWIFT_EMIT_LOC_STRINGS = YES;
				SWIFT_VERSION = 5.0;
				TARGETED_DEVICE_FAMILY = "1,2";
			};
			name = Debug;
		};
		4C5E96602C1256AF00607AFC /* Release */ = {
			isa = XCBuildConfiguration;
			buildSettings = {
				ASSETCATALOG_COMPILER_APPICON_NAME = AppIcon;
				ASSETCATALOG_COMPILER_GLOBAL_ACCENT_COLOR_NAME = AccentColor;
				CODE_SIGN_STYLE = Automatic;
				CURRENT_PROJECT_VERSION = 1;
				DEVELOPMENT_ASSET_PATHS = "\"FiveLetterWordGame/Preview Content\"";
				DEVELOPMENT_TEAM = 2LZPS9M6A7;
				ENABLE_PREVIEWS = YES;
				GENERATE_INFOPLIST_FILE = YES;
				INFOPLIST_KEY_UIApplicationSceneManifest_Generation = YES;
				INFOPLIST_KEY_UIApplicationSupportsIndirectInputEvents = YES;
				INFOPLIST_KEY_UILaunchScreen_Generation = YES;
				INFOPLIST_KEY_UISupportedInterfaceOrientations_iPad = "UIInterfaceOrientationPortrait UIInterfaceOrientationPortraitUpsideDown UIInterfaceOrientationLandscapeLeft UIInterfaceOrientationLandscapeRight";
				INFOPLIST_KEY_UISupportedInterfaceOrientations_iPhone = "UIInterfaceOrientationPortrait UIInterfaceOrientationLandscapeLeft UIInterfaceOrientationLandscapeRight";
				LD_RUNPATH_SEARCH_PATHS = (
					"$(inherited)",
					"@executable_path/Frameworks",
				);
				MARKETING_VERSION = 1.0;
				PRODUCT_BUNDLE_IDENTIFIER = com.spconnolly.FiveLetterWordGame;
				PRODUCT_NAME = "$(TARGET_NAME)";
				SWIFT_EMIT_LOC_STRINGS = YES;
				SWIFT_VERSION = 5.0;
				TARGETED_DEVICE_FAMILY = "1,2";
			};
			name = Release;
		};
		4C5E96622C1256AF00607AFC /* Debug */ = {
			isa = XCBuildConfiguration;
			buildSettings = {
				ALWAYS_EMBED_SWIFT_STANDARD_LIBRARIES = YES;
				BUNDLE_LOADER = "$(TEST_HOST)";
				CODE_SIGN_STYLE = Automatic;
				CURRENT_PROJECT_VERSION = 1;
				DEVELOPMENT_TEAM = 2LZPS9M6A7;
				GENERATE_INFOPLIST_FILE = YES;
				IPHONEOS_DEPLOYMENT_TARGET = 17.5;
				MARKETING_VERSION = 1.0;
				PRODUCT_BUNDLE_IDENTIFIER = com.spconnolly.FiveLetterWordGameTests;
				PRODUCT_NAME = "$(TARGET_NAME)";
				SWIFT_EMIT_LOC_STRINGS = NO;
				SWIFT_VERSION = 5.0;
				TARGETED_DEVICE_FAMILY = "1,2";
				TEST_HOST = "$(BUILT_PRODUCTS_DIR)/FiveLetterWordGame.app/$(BUNDLE_EXECUTABLE_FOLDER_PATH)/FiveLetterWordGame";
			};
			name = Debug;
		};
		4C5E96632C1256AF00607AFC /* Release */ = {
			isa = XCBuildConfiguration;
			buildSettings = {
				ALWAYS_EMBED_SWIFT_STANDARD_LIBRARIES = YES;
				BUNDLE_LOADER = "$(TEST_HOST)";
				CODE_SIGN_STYLE = Automatic;
				CURRENT_PROJECT_VERSION = 1;
				DEVELOPMENT_TEAM = 2LZPS9M6A7;
				GENERATE_INFOPLIST_FILE = YES;
				IPHONEOS_DEPLOYMENT_TARGET = 17.5;
				MARKETING_VERSION = 1.0;
				PRODUCT_BUNDLE_IDENTIFIER = com.spconnolly.FiveLetterWordGameTests;
				PRODUCT_NAME = "$(TARGET_NAME)";
				SWIFT_EMIT_LOC_STRINGS = NO;
				SWIFT_VERSION = 5.0;
				TARGETED_DEVICE_FAMILY = "1,2";
				TEST_HOST = "$(BUILT_PRODUCTS_DIR)/FiveLetterWordGame.app/$(BUNDLE_EXECUTABLE_FOLDER_PATH)/FiveLetterWordGame";
			};
			name = Release;
		};
		4C5E96652C1256AF00607AFC /* Debug */ = {
			isa = XCBuildConfiguration;
			buildSettings = {
				ALWAYS_EMBED_SWIFT_STANDARD_LIBRARIES = YES;
				CODE_SIGN_STYLE = Automatic;
				CURRENT_PROJECT_VERSION = 1;
				DEVELOPMENT_TEAM = 2LZPS9M6A7;
				GENERATE_INFOPLIST_FILE = YES;
				MARKETING_VERSION = 1.0;
				PRODUCT_BUNDLE_IDENTIFIER = com.spconnolly.FiveLetterWordGameUITests;
				PRODUCT_NAME = "$(TARGET_NAME)";
				SWIFT_EMIT_LOC_STRINGS = NO;
				SWIFT_VERSION = 5.0;
				TARGETED_DEVICE_FAMILY = "1,2";
				TEST_TARGET_NAME = FiveLetterWordGame;
			};
			name = Debug;
		};
		4C5E96662C1256AF00607AFC /* Release */ = {
			isa = XCBuildConfiguration;
			buildSettings = {
				ALWAYS_EMBED_SWIFT_STANDARD_LIBRARIES = YES;
				CODE_SIGN_STYLE = Automatic;
				CURRENT_PROJECT_VERSION = 1;
				DEVELOPMENT_TEAM = 2LZPS9M6A7;
				GENERATE_INFOPLIST_FILE = YES;
				MARKETING_VERSION = 1.0;
				PRODUCT_BUNDLE_IDENTIFIER = com.spconnolly.FiveLetterWordGameUITests;
				PRODUCT_NAME = "$(TARGET_NAME)";
				SWIFT_EMIT_LOC_STRINGS = NO;
				SWIFT_VERSION = 5.0;
				TARGETED_DEVICE_FAMILY = "1,2";
				TEST_TARGET_NAME = FiveLetterWordGame;
			};
			name = Release;
		};
/* End XCBuildConfiguration section */

/* Begin XCConfigurationList section */
		4C5E96332C1256AE00607AFC /* Build configuration list for PBXProject "FiveLetterWordGame" */ = {
			isa = XCConfigurationList;
			buildConfigurations = (
				4C5E965C2C1256AF00607AFC /* Debug */,
				4C5E965D2C1256AF00607AFC /* Release */,
			);
			defaultConfigurationIsVisible = 0;
			defaultConfigurationName = Release;
		};
		4C5E965E2C1256AF00607AFC /* Build configuration list for PBXNativeTarget "FiveLetterWordGame" */ = {
			isa = XCConfigurationList;
			buildConfigurations = (
				4C5E965F2C1256AF00607AFC /* Debug */,
				4C5E96602C1256AF00607AFC /* Release */,
			);
			defaultConfigurationIsVisible = 0;
			defaultConfigurationName = Release;
		};
		4C5E96612C1256AF00607AFC /* Build configuration list for PBXNativeTarget "FiveLetterWordGameTests" */ = {
			isa = XCConfigurationList;
			buildConfigurations = (
				4C5E96622C1256AF00607AFC /* Debug */,
				4C5E96632C1256AF00607AFC /* Release */,
			);
			defaultConfigurationIsVisible = 0;
			defaultConfigurationName = Release;
		};
		4C5E96642C1256AF00607AFC /* Build configuration list for PBXNativeTarget "FiveLetterWordGameUITests" */ = {
			isa = XCConfigurationList;
			buildConfigurations = (
				4C5E96652C1256AF00607AFC /* Debug */,
				4C5E96662C1256AF00607AFC /* Release */,
			);
			defaultConfigurationIsVisible = 0;
			defaultConfigurationName = Release;
		};
/* End XCConfigurationList section */

/* Begin XCRemoteSwiftPackageReference section */
		4C75A2292C3AFA180026EBC8 /* XCRemoteSwiftPackageReference "ConfettiSwiftUI" */ = {
			isa = XCRemoteSwiftPackageReference;
			repositoryURL = "https://github.com/simibac/ConfettiSwiftUI.git";
			requirement = {
				kind = upToNextMajorVersion;
				minimumVersion = 1.1.0;
			};
		};
/* End XCRemoteSwiftPackageReference section */

/* Begin XCSwiftPackageProductDependency section */
		4C75A2302C4495800026EBC8 /* ConfettiSwiftUI */ = {
			isa = XCSwiftPackageProductDependency;
			package = 4C75A2292C3AFA180026EBC8 /* XCRemoteSwiftPackageReference "ConfettiSwiftUI" */;
			productName = ConfettiSwiftUI;
		};
/* End XCSwiftPackageProductDependency section */
	};
	rootObject = 4C5E96302C1256AE00607AFC /* Project object */;
}
